
Microsoft Visual Studio Solution File, Format Version 12.00
# Visual Studio Version 17
VisualStudioVersion = 17.14.36429.23
MinimumVisualStudioVersion = 10.0.40219.1
Project("{FAE04EC0-301F-11D3-BF4B-00C04F79EFBC}") = "Órai_Munka", "Órai_Munka\Órai_Munka.csproj", "{8C609F10-87AE-4012-A1AF-1BF6F7343C71}"
EndProject
Project("{FAE04EC0-301F-11D3-BF4B-00C04F79EFBC}") = "Órai_Munka2", "Órai_Munka2\Órai_Munka2.csproj", "{7DAF4923-D7F6-4ECF-9C30-61767CACBD95}"
EndProject
Project("{FAE04EC0-301F-11D3-BF4B-00C04F79EFBC}") = "Órai_Munka3", "Órai_Munka3\Órai_Munka3.csproj", "{F3DAFAD3-ABFB-4240-9D86-FBD01B6D7818}"
EndProject
Project("{FAE04EC0-301F-11D3-BF4B-00C04F79EFBC}") = "Órai_Munka4", "Órai_Munka4\Órai_Munka4.csproj", "{7557771C-9339-4572-B615-8959DE57C6C4}"
EndProject
Project("{FAE04EC0-301F-11D3-BF4B-00C04F79EFBC}") = "Órai_Munka5", "Órai_Munka5\Órai_Munka5.csproj", "{FA7C1341-0346-41A8-8EFA-F503CB99D581}"
EndProject
Project("{FAE04EC0-301F-11D3-BF4B-00C04F79EFBC}") = "Game", "Game\Game.csproj", "{A3FE42F1-D27D-4455-B6C4-901A49585FD5}"
EndProject
Project("{FAE04EC0-301F-11D3-BF4B-00C04F79EFBC}") = "Órai_Kamatos_Kamat", "Órai_Kamatos_Kamat\Órai_Kamatos_Kamat.csproj", "{1B5D0E9E-7DEA-4894-ACB7-04A32C6C9BD9}"
EndProject
Project("{FAE04EC0-301F-11D3-BF4B-00C04F79EFBC}") = "Óraimunka6", "Óraimunka6\Óraimunka6.csproj", "{783F869A-323F-405E-9C63-900FE6B7E2E7}"
EndProject
Project("{FAE04EC0-301F-11D3-BF4B-00C04F79EFBC}") = "Órai7", "Órai7\Órai7.csproj", "{0C02E458-8DC3-42A8-B707-08F491A3EBBB}"
EndProject
Project("{FAE04EC0-301F-11D3-BF4B-00C04F79EFBC}") = "Órai 8", "Órai 8\Órai 8.csproj", "{4789309A-32E0-4C6E-A2A8-E8DA2506D5C9}"
EndProject
Global
	GlobalSection(SolutionConfigurationPlatforms) = preSolution
		Debug|Any CPU = Debug|Any CPU
		Release|Any CPU = Release|Any CPU
	EndGlobalSection
	GlobalSection(ProjectConfigurationPlatforms) = postSolution
		{8C609F10-87AE-4012-A1AF-1BF6F7343C71}.Debug|Any CPU.ActiveCfg = Debug|Any CPU
		{8C609F10-87AE-4012-A1AF-1BF6F7343C71}.Debug|Any CPU.Build.0 = Debug|Any CPU
		{8C609F10-87AE-4012-A1AF-1BF6F7343C71}.Release|Any CPU.ActiveCfg = Release|Any CPU
		{8C609F10-87AE-4012-A1AF-1BF6F7343C71}.Release|Any CPU.Build.0 = Release|Any CPU
		{7DAF4923-D7F6-4ECF-9C30-61767CACBD95}.Debug|Any CPU.ActiveCfg = Debug|Any CPU
		{7DAF4923-D7F6-4ECF-9C30-61767CACBD95}.Debug|Any CPU.Build.0 = Debug|Any CPU
		{7DAF4923-D7F6-4ECF-9C30-61767CACBD95}.Release|Any CPU.ActiveCfg = Release|Any CPU
		{7DAF4923-D7F6-4ECF-9C30-61767CACBD95}.Release|Any CPU.Build.0 = Release|Any CPU
		{F3DAFAD3-ABFB-4240-9D86-FBD01B6D7818}.Debug|Any CPU.ActiveCfg = Debug|Any CPU
		{F3DAFAD3-ABFB-4240-9D86-FBD01B6D7818}.Debug|Any CPU.Build.0 = Debug|Any CPU
		{F3DAFAD3-ABFB-4240-9D86-FBD01B6D7818}.Release|Any CPU.ActiveCfg = Release|Any CPU
		{F3DAFAD3-ABFB-4240-9D86-FBD01B6D7818}.Release|Any CPU.Build.0 = Release|Any CPU
		{7557771C-9339-4572-B615-8959DE57C6C4}.Debug|Any CPU.ActiveCfg = Debug|Any CPU
		{7557771C-9339-4572-B615-8959DE57C6C4}.Debug|Any CPU.Build.0 = Debug|Any CPU
		{7557771C-9339-4572-B615-8959DE57C6C4}.Release|Any CPU.ActiveCfg = Release|Any CPU
		{7557771C-9339-4572-B615-8959DE57C6C4}.Release|Any CPU.Build.0 = Release|Any CPU
		{FA7C1341-0346-41A8-8EFA-F503CB99D581}.Debug|Any CPU.ActiveCfg = Debug|Any CPU
		{FA7C1341-0346-41A8-8EFA-F503CB99D581}.Debug|Any CPU.Build.0 = Debug|Any CPU
		{FA7C1341-0346-41A8-8EFA-F503CB99D581}.Release|Any CPU.ActiveCfg = Release|Any CPU
		{FA7C1341-0346-41A8-8EFA-F503CB99D581}.Release|Any CPU.Build.0 = Release|Any CPU
		{A3FE42F1-D27D-4455-B6C4-901A49585FD5}.Debug|Any CPU.ActiveCfg = Debug|Any CPU
		{A3FE42F1-D27D-4455-B6C4-901A49585FD5}.Debug|Any CPU.Build.0 = Debug|Any CPU
		{A3FE42F1-D27D-4455-B6C4-901A49585FD5}.Release|Any CPU.ActiveCfg = Release|Any CPU
		{A3FE42F1-D27D-4455-B6C4-901A49585FD5}.Release|Any CPU.Build.0 = Release|Any CPU
		{1B5D0E9E-7DEA-4894-ACB7-04A32C6C9BD9}.Debug|Any CPU.ActiveCfg = Debug|Any CPU
		{1B5D0E9E-7DEA-4894-ACB7-04A32C6C9BD9}.Debug|Any CPU.Build.0 = Debug|Any CPU
		{1B5D0E9E-7DEA-4894-ACB7-04A32C6C9BD9}.Release|Any CPU.ActiveCfg = Release|Any CPU
		{1B5D0E9E-7DEA-4894-ACB7-04A32C6C9BD9}.Release|Any CPU.Build.0 = Release|Any CPU
		{783F869A-323F-405E-9C63-900FE6B7E2E7}.Debug|Any CPU.ActiveCfg = Debug|Any CPU
		{783F869A-323F-405E-9C63-900FE6B7E2E7}.Debug|Any CPU.Build.0 = Debug|Any CPU
		{783F869A-323F-405E-9C63-900FE6B7E2E7}.Release|Any CPU.ActiveCfg = Release|Any CPU
		{783F869A-323F-405E-9C63-900FE6B7E2E7}.Release|Any CPU.Build.0 = Release|Any CPU
		{0C02E458-8DC3-42A8-B707-08F491A3EBBB}.Debug|Any CPU.ActiveCfg = Debug|Any CPU
		{0C02E458-8DC3-42A8-B707-08F491A3EBBB}.Debug|Any CPU.Build.0 = Debug|Any CPU
		{0C02E458-8DC3-42A8-B707-08F491A3EBBB}.Release|Any CPU.ActiveCfg = Release|Any CPU
		{0C02E458-8DC3-42A8-B707-08F491A3EBBB}.Release|Any CPU.Build.0 = Release|Any CPU
		{4789309A-32E0-4C6E-A2A8-E8DA2506D5C9}.Debug|Any CPU.ActiveCfg = Debug|Any CPU
		{4789309A-32E0-4C6E-A2A8-E8DA2506D5C9}.Debug|Any CPU.Build.0 = Debug|Any CPU
		{4789309A-32E0-4C6E-A2A8-E8DA2506D5C9}.Release|Any CPU.ActiveCfg = Release|Any CPU
		{4789309A-32E0-4C6E-A2A8-E8DA2506D5C9}.Release|Any CPU.Build.0 = Release|Any CPU
	EndGlobalSection
	GlobalSection(SolutionProperties) = preSolution
		HideSolutionNode = FALSE
	EndGlobalSection
	GlobalSection(ExtensibilityGlobals) = postSolution
		SolutionGuid = {0343E74A-410E-4664-9C9A-9CA670713A73}
	EndGlobalSection
EndGlobal
